// !$*UTF8*$!
{
	archiveVersion = 1;
	classes = {
	};
	objectVersion = 56;
	objects = {

/* Begin PBXBuildFile section */
		16F835D629ED6386007A29BE /* AppDelegate.swift in Sources */ = {isa = PBXBuildFile; fileRef = 16F835D529ED6386007A29BE /* AppDelegate.swift */; };
		16F835D829ED6386007A29BE /* SceneDelegate.swift in Sources */ = {isa = PBXBuildFile; fileRef = 16F835D729ED6386007A29BE /* SceneDelegate.swift */; };
		16F835DA29ED6386007A29BE /* MainScreenViewController.swift in Sources */ = {isa = PBXBuildFile; fileRef = 16F835D929ED6386007A29BE /* MainScreenViewController.swift */; };
		16F835DD29ED6386007A29BE /* Main.storyboard in Resources */ = {isa = PBXBuildFile; fileRef = 16F835DB29ED6386007A29BE /* Main.storyboard */; };
		16F835DF29ED6387007A29BE /* Assets.xcassets in Resources */ = {isa = PBXBuildFile; fileRef = 16F835DE29ED6387007A29BE /* Assets.xcassets */; };
		16F835E229ED6387007A29BE /* LaunchScreen.storyboard in Resources */ = {isa = PBXBuildFile; fileRef = 16F835E029ED6387007A29BE /* LaunchScreen.storyboard */; };
		16F835ED29ED6387007A29BE /* BilkentYemekhaneMenuTests.swift in Sources */ = {isa = PBXBuildFile; fileRef = 16F835EC29ED6387007A29BE /* BilkentYemekhaneMenuTests.swift */; };
		16F835F729ED6387007A29BE /* BilkentYemekhaneMenuUITests.swift in Sources */ = {isa = PBXBuildFile; fileRef = 16F835F629ED6387007A29BE /* BilkentYemekhaneMenuUITests.swift */; };
		16F835F929ED6387007A29BE /* BilkentYemekhaneMenuUITestsLaunchTests.swift in Sources */ = {isa = PBXBuildFile; fileRef = 16F835F829ED6387007A29BE /* BilkentYemekhaneMenuUITestsLaunchTests.swift */; };
		16F8360A29ED8FE1007A29BE /* MealTableViewCell.swift in Sources */ = {isa = PBXBuildFile; fileRef = 16F8360829ED8FE1007A29BE /* MealTableViewCell.swift */; };
		16F8360B29ED8FE1007A29BE /* MealTableViewCell.xib in Resources */ = {isa = PBXBuildFile; fileRef = 16F8360929ED8FE1007A29BE /* MealTableViewCell.xib */; };
		16F8360F29EDBF8C007A29BE /* models.swift in Sources */ = {isa = PBXBuildFile; fileRef = 16F8360E29EDBF8C007A29BE /* models.swift */; };
		16F8361229EDC66F007A29BE /* NetworkManager.swift in Sources */ = {isa = PBXBuildFile; fileRef = 16F8361129EDC66F007A29BE /* NetworkManager.swift */; };
		A4A6BFE62D9EB09F25238BD7 /* Pods_BilkentYemekhaneMenuTests.framework in Frameworks */ = {isa = PBXBuildFile; fileRef = 73A95879172F2CD162079E25 /* Pods_BilkentYemekhaneMenuTests.framework */; };
		AEC191A7AB5700F3E923D97B /* Pods_BilkentYemekhaneMenu.framework in Frameworks */ = {isa = PBXBuildFile; fileRef = F7A914EDDE7E1B040342E841 /* Pods_BilkentYemekhaneMenu.framework */; };
		D0A5478B960C2088B9DC2DD3 /* Pods_BilkentYemekhaneMenu_BilkentYemekhaneMenuUITests.framework in Frameworks */ = {isa = PBXBuildFile; fileRef = 949CC4C843820B2936884F76 /* Pods_BilkentYemekhaneMenu_BilkentYemekhaneMenuUITests.framework */; };
/* End PBXBuildFile section */

/* Begin PBXContainerItemProxy section */
		16F835E929ED6387007A29BE /* PBXContainerItemProxy */ = {
			isa = PBXContainerItemProxy;
			containerPortal = 16F835CA29ED6386007A29BE /* Project object */;
			proxyType = 1;
			remoteGlobalIDString = 16F835D129ED6386007A29BE;
			remoteInfo = BilkentYemekhaneMenu;
		};
		16F835F329ED6387007A29BE /* PBXContainerItemProxy */ = {
			isa = PBXContainerItemProxy;
			containerPortal = 16F835CA29ED6386007A29BE /* Project object */;
			proxyType = 1;
			remoteGlobalIDString = 16F835D129ED6386007A29BE;
			remoteInfo = BilkentYemekhaneMenu;
		};
/* End PBXContainerItemProxy section */

/* Begin PBXFileReference section */
		16F835D229ED6386007A29BE /* BilkentYemekhaneMenu.app */ = {isa = PBXFileReference; explicitFileType = wrapper.application; includeInIndex = 0; path = BilkentYemekhaneMenu.app; sourceTree = BUILT_PRODUCTS_DIR; };
		16F835D529ED6386007A29BE /* AppDelegate.swift */ = {isa = PBXFileReference; lastKnownFileType = sourcecode.swift; path = AppDelegate.swift; sourceTree = "<group>"; };
		16F835D729ED6386007A29BE /* SceneDelegate.swift */ = {isa = PBXFileReference; lastKnownFileType = sourcecode.swift; path = SceneDelegate.swift; sourceTree = "<group>"; };
		16F835D929ED6386007A29BE /* MainScreenViewController.swift */ = {isa = PBXFileReference; lastKnownFileType = sourcecode.swift; path = MainScreenViewController.swift; sourceTree = "<group>"; };
		16F835DC29ED6386007A29BE /* Base */ = {isa = PBXFileReference; lastKnownFileType = file.storyboard; name = Base; path = Base.lproj/Main.storyboard; sourceTree = "<group>"; };
		16F835DE29ED6387007A29BE /* Assets.xcassets */ = {isa = PBXFileReference; lastKnownFileType = folder.assetcatalog; path = Assets.xcassets; sourceTree = "<group>"; };
		16F835E129ED6387007A29BE /* Base */ = {isa = PBXFileReference; lastKnownFileType = file.storyboard; name = Base; path = Base.lproj/LaunchScreen.storyboard; sourceTree = "<group>"; };
		16F835E329ED6387007A29BE /* Info.plist */ = {isa = PBXFileReference; lastKnownFileType = text.plist.xml; path = Info.plist; sourceTree = "<group>"; };
		16F835E829ED6387007A29BE /* BilkentYemekhaneMenuTests.xctest */ = {isa = PBXFileReference; explicitFileType = wrapper.cfbundle; includeInIndex = 0; path = BilkentYemekhaneMenuTests.xctest; sourceTree = BUILT_PRODUCTS_DIR; };
		16F835EC29ED6387007A29BE /* BilkentYemekhaneMenuTests.swift */ = {isa = PBXFileReference; lastKnownFileType = sourcecode.swift; path = BilkentYemekhaneMenuTests.swift; sourceTree = "<group>"; };
		16F835F229ED6387007A29BE /* BilkentYemekhaneMenuUITests.xctest */ = {isa = PBXFileReference; explicitFileType = wrapper.cfbundle; includeInIndex = 0; path = BilkentYemekhaneMenuUITests.xctest; sourceTree = BUILT_PRODUCTS_DIR; };
		16F835F629ED6387007A29BE /* BilkentYemekhaneMenuUITests.swift */ = {isa = PBXFileReference; lastKnownFileType = sourcecode.swift; path = BilkentYemekhaneMenuUITests.swift; sourceTree = "<group>"; };
		16F835F829ED6387007A29BE /* BilkentYemekhaneMenuUITestsLaunchTests.swift */ = {isa = PBXFileReference; lastKnownFileType = sourcecode.swift; path = BilkentYemekhaneMenuUITestsLaunchTests.swift; sourceTree = "<group>"; };
		16F8360829ED8FE1007A29BE /* MealTableViewCell.swift */ = {isa = PBXFileReference; lastKnownFileType = sourcecode.swift; path = MealTableViewCell.swift; sourceTree = "<group>"; };
		16F8360929ED8FE1007A29BE /* MealTableViewCell.xib */ = {isa = PBXFileReference; lastKnownFileType = file.xib; path = MealTableViewCell.xib; sourceTree = "<group>"; };
		16F8360E29EDBF8C007A29BE /* models.swift */ = {isa = PBXFileReference; lastKnownFileType = sourcecode.swift; path = models.swift; sourceTree = "<group>"; };
		16F8361129EDC66F007A29BE /* NetworkManager.swift */ = {isa = PBXFileReference; lastKnownFileType = sourcecode.swift; path = NetworkManager.swift; sourceTree = "<group>"; };
		1A16BCE255D34D57277E6B3A /* Pods-BilkentYemekhaneMenu-BilkentYemekhaneMenuUITests.debug.xcconfig */ = {isa = PBXFileReference; includeInIndex = 1; lastKnownFileType = text.xcconfig; name = "Pods-BilkentYemekhaneMenu-BilkentYemekhaneMenuUITests.debug.xcconfig"; path = "Target Support Files/Pods-BilkentYemekhaneMenu-BilkentYemekhaneMenuUITests/Pods-BilkentYemekhaneMenu-BilkentYemekhaneMenuUITests.debug.xcconfig"; sourceTree = "<group>"; };
		319A67B6C09743C001DE7AF8 /* Pods-BilkentYemekhaneMenu.release.xcconfig */ = {isa = PBXFileReference; includeInIndex = 1; lastKnownFileType = text.xcconfig; name = "Pods-BilkentYemekhaneMenu.release.xcconfig"; path = "Target Support Files/Pods-BilkentYemekhaneMenu/Pods-BilkentYemekhaneMenu.release.xcconfig"; sourceTree = "<group>"; };
		39DFF9A3BD91EBBA09E1D051 /* Pods-BilkentYemekhaneMenuTests.release.xcconfig */ = {isa = PBXFileReference; includeInIndex = 1; lastKnownFileType = text.xcconfig; name = "Pods-BilkentYemekhaneMenuTests.release.xcconfig"; path = "Target Support Files/Pods-BilkentYemekhaneMenuTests/Pods-BilkentYemekhaneMenuTests.release.xcconfig"; sourceTree = "<group>"; };
		609CE93FC7218478EADAFBF6 /* Pods-BilkentYemekhaneMenu-BilkentYemekhaneMenuUITests.release.xcconfig */ = {isa = PBXFileReference; includeInIndex = 1; lastKnownFileType = text.xcconfig; name = "Pods-BilkentYemekhaneMenu-BilkentYemekhaneMenuUITests.release.xcconfig"; path = "Target Support Files/Pods-BilkentYemekhaneMenu-BilkentYemekhaneMenuUITests/Pods-BilkentYemekhaneMenu-BilkentYemekhaneMenuUITests.release.xcconfig"; sourceTree = "<group>"; };
		73A95879172F2CD162079E25 /* Pods_BilkentYemekhaneMenuTests.framework */ = {isa = PBXFileReference; explicitFileType = wrapper.framework; includeInIndex = 0; path = Pods_BilkentYemekhaneMenuTests.framework; sourceTree = BUILT_PRODUCTS_DIR; };
		949CC4C843820B2936884F76 /* Pods_BilkentYemekhaneMenu_BilkentYemekhaneMenuUITests.framework */ = {isa = PBXFileReference; explicitFileType = wrapper.framework; includeInIndex = 0; path = Pods_BilkentYemekhaneMenu_BilkentYemekhaneMenuUITests.framework; sourceTree = BUILT_PRODUCTS_DIR; };
		A0AA77EE8E2AEA99D829DBA4 /* Pods-BilkentYemekhaneMenuTests.debug.xcconfig */ = {isa = PBXFileReference; includeInIndex = 1; lastKnownFileType = text.xcconfig; name = "Pods-BilkentYemekhaneMenuTests.debug.xcconfig"; path = "Target Support Files/Pods-BilkentYemekhaneMenuTests/Pods-BilkentYemekhaneMenuTests.debug.xcconfig"; sourceTree = "<group>"; };
		E8741BD796A9F50E6D87A770 /* Pods-BilkentYemekhaneMenu.debug.xcconfig */ = {isa = PBXFileReference; includeInIndex = 1; lastKnownFileType = text.xcconfig; name = "Pods-BilkentYemekhaneMenu.debug.xcconfig"; path = "Target Support Files/Pods-BilkentYemekhaneMenu/Pods-BilkentYemekhaneMenu.debug.xcconfig"; sourceTree = "<group>"; };
		F7A914EDDE7E1B040342E841 /* Pods_BilkentYemekhaneMenu.framework */ = {isa = PBXFileReference; explicitFileType = wrapper.framework; includeInIndex = 0; path = Pods_BilkentYemekhaneMenu.framework; sourceTree = BUILT_PRODUCTS_DIR; };
/* End PBXFileReference section */

/* Begin PBXFrameworksBuildPhase section */
		16F835CF29ED6386007A29BE /* Frameworks */ = {
			isa = PBXFrameworksBuildPhase;
			buildActionMask = 2147483647;
			files = (
				AEC191A7AB5700F3E923D97B /* Pods_BilkentYemekhaneMenu.framework in Frameworks */,
			);
			runOnlyForDeploymentPostprocessing = 0;
		};
		16F835E529ED6387007A29BE /* Frameworks */ = {
			isa = PBXFrameworksBuildPhase;
			buildActionMask = 2147483647;
			files = (
				A4A6BFE62D9EB09F25238BD7 /* Pods_BilkentYemekhaneMenuTests.framework in Frameworks */,
			);
			runOnlyForDeploymentPostprocessing = 0;
		};
		16F835EF29ED6387007A29BE /* Frameworks */ = {
			isa = PBXFrameworksBuildPhase;
			buildActionMask = 2147483647;
			files = (
				D0A5478B960C2088B9DC2DD3 /* Pods_BilkentYemekhaneMenu_BilkentYemekhaneMenuUITests.framework in Frameworks */,
			);
			runOnlyForDeploymentPostprocessing = 0;
		};
/* End PBXFrameworksBuildPhase section */

/* Begin PBXGroup section */
		16F835C929ED6386007A29BE = {
			isa = PBXGroup;
			children = (
				16F835D429ED6386007A29BE /* BilkentYemekhaneMenu */,
				16F835EB29ED6387007A29BE /* BilkentYemekhaneMenuTests */,
				16F835F529ED6387007A29BE /* BilkentYemekhaneMenuUITests */,
				16F835D329ED6386007A29BE /* Products */,
				91C5D926EB67B7937BDA2976 /* Pods */,
				852CAD36226C54FB5A5C2177 /* Frameworks */,
			);
			sourceTree = "<group>";
		};
		16F835D329ED6386007A29BE /* Products */ = {
			isa = PBXGroup;
			children = (
				16F835D229ED6386007A29BE /* BilkentYemekhaneMenu.app */,
				16F835E829ED6387007A29BE /* BilkentYemekhaneMenuTests.xctest */,
				16F835F229ED6387007A29BE /* BilkentYemekhaneMenuUITests.xctest */,
			);
			name = Products;
			sourceTree = "<group>";
		};
		16F835D429ED6386007A29BE /* BilkentYemekhaneMenu */ = {
			isa = PBXGroup;
			children = (
				16F8361029EDC664007A29BE /* Managers */,
				16F8360D29EDBF7E007A29BE /* Models */,
				16F8360729ED8FC4007A29BE /* Cells */,
				16F8360529ED638E007A29BE /* ViewContollers */,
				16F835D529ED6386007A29BE /* AppDelegate.swift */,
				16F835D729ED6386007A29BE /* SceneDelegate.swift */,
				16F835DE29ED6387007A29BE /* Assets.xcassets */,
				16F835E029ED6387007A29BE /* LaunchScreen.storyboard */,
				16F835E329ED6387007A29BE /* Info.plist */,
			);
			path = BilkentYemekhaneMenu;
			sourceTree = "<group>";
		};
		16F835EB29ED6387007A29BE /* BilkentYemekhaneMenuTests */ = {
			isa = PBXGroup;
			children = (
				16F835EC29ED6387007A29BE /* BilkentYemekhaneMenuTests.swift */,
			);
			path = BilkentYemekhaneMenuTests;
			sourceTree = "<group>";
		};
		16F835F529ED6387007A29BE /* BilkentYemekhaneMenuUITests */ = {
			isa = PBXGroup;
			children = (
				16F835F629ED6387007A29BE /* BilkentYemekhaneMenuUITests.swift */,
				16F835F829ED6387007A29BE /* BilkentYemekhaneMenuUITestsLaunchTests.swift */,
			);
			path = BilkentYemekhaneMenuUITests;
			sourceTree = "<group>";
		};
		16F8360529ED638E007A29BE /* ViewContollers */ = {
			isa = PBXGroup;
			children = (
				16F8360629ED639A007A29BE /* Main Screen */,
			);
			path = ViewContollers;
			sourceTree = "<group>";
		};
		16F8360629ED639A007A29BE /* Main Screen */ = {
			isa = PBXGroup;
			children = (
				16F835D929ED6386007A29BE /* MainScreenViewController.swift */,
				16F835DB29ED6386007A29BE /* Main.storyboard */,
			);
			path = "Main Screen";
			sourceTree = "<group>";
		};
		16F8360729ED8FC4007A29BE /* Cells */ = {
			isa = PBXGroup;
			children = (
				16F8360C29ED8FE8007A29BE /* MealTableViewCell */,
			);
			path = Cells;
			sourceTree = "<group>";
		};
		16F8360C29ED8FE8007A29BE /* MealTableViewCell */ = {
			isa = PBXGroup;
			children = (
				16F8360829ED8FE1007A29BE /* MealTableViewCell.swift */,
				16F8360929ED8FE1007A29BE /* MealTableViewCell.xib */,
			);
			path = MealTableViewCell;
			sourceTree = "<group>";
		};
		16F8360D29EDBF7E007A29BE /* Models */ = {
			isa = PBXGroup;
			children = (
				16F8360E29EDBF8C007A29BE /* models.swift */,
			);
			path = Models;
			sourceTree = "<group>";
		};
		16F8361029EDC664007A29BE /* Managers */ = {
			isa = PBXGroup;
			children = (
				16F8361129EDC66F007A29BE /* NetworkManager.swift */,
			);
			path = Managers;
			sourceTree = "<group>";
		};
		852CAD36226C54FB5A5C2177 /* Frameworks */ = {
			isa = PBXGroup;
			children = (
				F7A914EDDE7E1B040342E841 /* Pods_BilkentYemekhaneMenu.framework */,
				949CC4C843820B2936884F76 /* Pods_BilkentYemekhaneMenu_BilkentYemekhaneMenuUITests.framework */,
				73A95879172F2CD162079E25 /* Pods_BilkentYemekhaneMenuTests.framework */,
			);
			name = Frameworks;
			sourceTree = "<group>";
		};
		91C5D926EB67B7937BDA2976 /* Pods */ = {
			isa = PBXGroup;
			children = (
				E8741BD796A9F50E6D87A770 /* Pods-BilkentYemekhaneMenu.debug.xcconfig */,
				319A67B6C09743C001DE7AF8 /* Pods-BilkentYemekhaneMenu.release.xcconfig */,
				1A16BCE255D34D57277E6B3A /* Pods-BilkentYemekhaneMenu-BilkentYemekhaneMenuUITests.debug.xcconfig */,
				609CE93FC7218478EADAFBF6 /* Pods-BilkentYemekhaneMenu-BilkentYemekhaneMenuUITests.release.xcconfig */,
				A0AA77EE8E2AEA99D829DBA4 /* Pods-BilkentYemekhaneMenuTests.debug.xcconfig */,
				39DFF9A3BD91EBBA09E1D051 /* Pods-BilkentYemekhaneMenuTests.release.xcconfig */,
			);
			name = Pods;
			path = Pods;
			sourceTree = "<group>";
		};
/* End PBXGroup section */

/* Begin PBXNativeTarget section */
		16F835D129ED6386007A29BE /* BilkentYemekhaneMenu */ = {
			isa = PBXNativeTarget;
			buildConfigurationList = 16F835FC29ED6387007A29BE /* Build configuration list for PBXNativeTarget "BilkentYemekhaneMenu" */;
			buildPhases = (
				DEC526384AACCC4DC7B14048 /* [CP] Check Pods Manifest.lock */,
				16F835CE29ED6386007A29BE /* Sources */,
				16F835CF29ED6386007A29BE /* Frameworks */,
				16F835D029ED6386007A29BE /* Resources */,
				379A0D3470C1658741411D06 /* [CP] Embed Pods Frameworks */,
			);
			buildRules = (
			);
			dependencies = (
			);
			name = BilkentYemekhaneMenu;
			productName = BilkentYemekhaneMenu;
			productReference = 16F835D229ED6386007A29BE /* BilkentYemekhaneMenu.app */;
			productType = "com.apple.product-type.application";
		};
		16F835E729ED6387007A29BE /* BilkentYemekhaneMenuTests */ = {
			isa = PBXNativeTarget;
			buildConfigurationList = 16F835FF29ED6387007A29BE /* Build configuration list for PBXNativeTarget "BilkentYemekhaneMenuTests" */;
			buildPhases = (
				2E1F2DA366729D4D4789C659 /* [CP] Check Pods Manifest.lock */,
				16F835E429ED6387007A29BE /* Sources */,
				16F835E529ED6387007A29BE /* Frameworks */,
				16F835E629ED6387007A29BE /* Resources */,
			);
			buildRules = (
			);
			dependencies = (
				16F835EA29ED6387007A29BE /* PBXTargetDependency */,
			);
			name = BilkentYemekhaneMenuTests;
			productName = BilkentYemekhaneMenuTests;
			productReference = 16F835E829ED6387007A29BE /* BilkentYemekhaneMenuTests.xctest */;
			productType = "com.apple.product-type.bundle.unit-test";
		};
		16F835F129ED6387007A29BE /* BilkentYemekhaneMenuUITests */ = {
			isa = PBXNativeTarget;
			buildConfigurationList = 16F8360229ED6387007A29BE /* Build configuration list for PBXNativeTarget "BilkentYemekhaneMenuUITests" */;
			buildPhases = (
				A954C25F1412B194BCABAD68 /* [CP] Check Pods Manifest.lock */,
				16F835EE29ED6387007A29BE /* Sources */,
				16F835EF29ED6387007A29BE /* Frameworks */,
				16F835F029ED6387007A29BE /* Resources */,
				7257862AE24487013572978F /* [CP] Embed Pods Frameworks */,
			);
			buildRules = (
			);
			dependencies = (
				16F835F429ED6387007A29BE /* PBXTargetDependency */,
			);
			name = BilkentYemekhaneMenuUITests;
			productName = BilkentYemekhaneMenuUITests;
			productReference = 16F835F229ED6387007A29BE /* BilkentYemekhaneMenuUITests.xctest */;
			productType = "com.apple.product-type.bundle.ui-testing";
		};
/* End PBXNativeTarget section */

/* Begin PBXProject section */
		16F835CA29ED6386007A29BE /* Project object */ = {
			isa = PBXProject;
			attributes = {
				BuildIndependentTargetsInParallel = 1;
				LastSwiftUpdateCheck = 1430;
				LastUpgradeCheck = 1430;
				TargetAttributes = {
					16F835D129ED6386007A29BE = {
						CreatedOnToolsVersion = 14.3;
					};
					16F835E729ED6387007A29BE = {
						CreatedOnToolsVersion = 14.3;
						TestTargetID = 16F835D129ED6386007A29BE;
					};
					16F835F129ED6387007A29BE = {
						CreatedOnToolsVersion = 14.3;
						TestTargetID = 16F835D129ED6386007A29BE;
					};
				};
			};
			buildConfigurationList = 16F835CD29ED6386007A29BE /* Build configuration list for PBXProject "BilkentYemekhaneMenu" */;
			compatibilityVersion = "Xcode 14.0";
			developmentRegion = en;
			hasScannedForEncodings = 0;
			knownRegions = (
				en,
				Base,
			);
			mainGroup = 16F835C929ED6386007A29BE;
			productRefGroup = 16F835D329ED6386007A29BE /* Products */;
			projectDirPath = "";
			projectRoot = "";
			targets = (
				16F835D129ED6386007A29BE /* BilkentYemekhaneMenu */,
				16F835E729ED6387007A29BE /* BilkentYemekhaneMenuTests */,
				16F835F129ED6387007A29BE /* BilkentYemekhaneMenuUITests */,
			);
		};
/* End PBXProject section */

/* Begin PBXResourcesBuildPhase section */
		16F835D029ED6386007A29BE /* Resources */ = {
			isa = PBXResourcesBuildPhase;
			buildActionMask = 2147483647;
			files = (
				16F8360B29ED8FE1007A29BE /* MealTableViewCell.xib in Resources */,
				16F835E229ED6387007A29BE /* LaunchScreen.storyboard in Resources */,
				16F835DF29ED6387007A29BE /* Assets.xcassets in Resources */,
				16F835DD29ED6386007A29BE /* Main.storyboard in Resources */,
			);
			runOnlyForDeploymentPostprocessing = 0;
		};
		16F835E629ED6387007A29BE /* Resources */ = {
			isa = PBXResourcesBuildPhase;
			buildActionMask = 2147483647;
			files = (
			);
			runOnlyForDeploymentPostprocessing = 0;
		};
		16F835F029ED6387007A29BE /* Resources */ = {
			isa = PBXResourcesBuildPhase;
			buildActionMask = 2147483647;
			files = (
			);
			runOnlyForDeploymentPostprocessing = 0;
		};
/* End PBXResourcesBuildPhase section */

/* Begin PBXShellScriptBuildPhase section */
		2E1F2DA366729D4D4789C659 /* [CP] Check Pods Manifest.lock */ = {
			isa = PBXShellScriptBuildPhase;
			buildActionMask = 2147483647;
			files = (
			);
			inputFileListPaths = (
			);
			inputPaths = (
				"${PODS_PODFILE_DIR_PATH}/Podfile.lock",
				"${PODS_ROOT}/Manifest.lock",
			);
			name = "[CP] Check Pods Manifest.lock";
			outputFileListPaths = (
			);
			outputPaths = (
				"$(DERIVED_FILE_DIR)/Pods-BilkentYemekhaneMenuTests-checkManifestLockResult.txt",
			);
			runOnlyForDeploymentPostprocessing = 0;
			shellPath = /bin/sh;
			shellScript = "diff \"${PODS_PODFILE_DIR_PATH}/Podfile.lock\" \"${PODS_ROOT}/Manifest.lock\" > /dev/null\nif [ $? != 0 ] ; then\n    # print error to STDERR\n    echo \"error: The sandbox is not in sync with the Podfile.lock. Run 'pod install' or update your CocoaPods installation.\" >&2\n    exit 1\nfi\n# This output is used by Xcode 'outputs' to avoid re-running this script phase.\necho \"SUCCESS\" > \"${SCRIPT_OUTPUT_FILE_0}\"\n";
			showEnvVarsInLog = 0;
		};
		379A0D3470C1658741411D06 /* [CP] Embed Pods Frameworks */ = {
			isa = PBXShellScriptBuildPhase;
			buildActionMask = 2147483647;
			files = (
			);
			inputFileListPaths = (
				"${PODS_ROOT}/Target Support Files/Pods-BilkentYemekhaneMenu/Pods-BilkentYemekhaneMenu-frameworks-${CONFIGURATION}-input-files.xcfilelist",
			);
			name = "[CP] Embed Pods Frameworks";
			outputFileListPaths = (
				"${PODS_ROOT}/Target Support Files/Pods-BilkentYemekhaneMenu/Pods-BilkentYemekhaneMenu-frameworks-${CONFIGURATION}-output-files.xcfilelist",
			);
			runOnlyForDeploymentPostprocessing = 0;
			shellPath = /bin/sh;
			shellScript = "\"${PODS_ROOT}/Target Support Files/Pods-BilkentYemekhaneMenu/Pods-BilkentYemekhaneMenu-frameworks.sh\"\n";
			showEnvVarsInLog = 0;
		};
		7257862AE24487013572978F /* [CP] Embed Pods Frameworks */ = {
			isa = PBXShellScriptBuildPhase;
			buildActionMask = 2147483647;
			files = (
			);
			inputFileListPaths = (
				"${PODS_ROOT}/Target Support Files/Pods-BilkentYemekhaneMenu-BilkentYemekhaneMenuUITests/Pods-BilkentYemekhaneMenu-BilkentYemekhaneMenuUITests-frameworks-${CONFIGURATION}-input-files.xcfilelist",
			);
			name = "[CP] Embed Pods Frameworks";
			outputFileListPaths = (
				"${PODS_ROOT}/Target Support Files/Pods-BilkentYemekhaneMenu-BilkentYemekhaneMenuUITests/Pods-BilkentYemekhaneMenu-BilkentYemekhaneMenuUITests-frameworks-${CONFIGURATION}-output-files.xcfilelist",
			);
			runOnlyForDeploymentPostprocessing = 0;
			shellPath = /bin/sh;
			shellScript = "\"${PODS_ROOT}/Target Support Files/Pods-BilkentYemekhaneMenu-BilkentYemekhaneMenuUITests/Pods-BilkentYemekhaneMenu-BilkentYemekhaneMenuUITests-frameworks.sh\"\n";
			showEnvVarsInLog = 0;
		};
		A954C25F1412B194BCABAD68 /* [CP] Check Pods Manifest.lock */ = {
			isa = PBXShellScriptBuildPhase;
			buildActionMask = 2147483647;
			files = (
			);
			inputFileListPaths = (
			);
			inputPaths = (
				"${PODS_PODFILE_DIR_PATH}/Podfile.lock",
				"${PODS_ROOT}/Manifest.lock",
			);
			name = "[CP] Check Pods Manifest.lock";
			outputFileListPaths = (
			);
			outputPaths = (
				"$(DERIVED_FILE_DIR)/Pods-BilkentYemekhaneMenu-BilkentYemekhaneMenuUITests-checkManifestLockResult.txt",
			);
			runOnlyForDeploymentPostprocessing = 0;
			shellPath = /bin/sh;
			shellScript = "diff \"${PODS_PODFILE_DIR_PATH}/Podfile.lock\" \"${PODS_ROOT}/Manifest.lock\" > /dev/null\nif [ $? != 0 ] ; then\n    # print error to STDERR\n    echo \"error: The sandbox is not in sync with the Podfile.lock. Run 'pod install' or update your CocoaPods installation.\" >&2\n    exit 1\nfi\n# This output is used by Xcode 'outputs' to avoid re-running this script phase.\necho \"SUCCESS\" > \"${SCRIPT_OUTPUT_FILE_0}\"\n";
			showEnvVarsInLog = 0;
		};
		DEC526384AACCC4DC7B14048 /* [CP] Check Pods Manifest.lock */ = {
			isa = PBXShellScriptBuildPhase;
			buildActionMask = 2147483647;
			files = (
			);
			inputFileListPaths = (
			);
			inputPaths = (
				"${PODS_PODFILE_DIR_PATH}/Podfile.lock",
				"${PODS_ROOT}/Manifest.lock",
			);
			name = "[CP] Check Pods Manifest.lock";
			outputFileListPaths = (
			);
			outputPaths = (
				"$(DERIVED_FILE_DIR)/Pods-BilkentYemekhaneMenu-checkManifestLockResult.txt",
			);
			runOnlyForDeploymentPostprocessing = 0;
			shellPath = /bin/sh;
			shellScript = "diff \"${PODS_PODFILE_DIR_PATH}/Podfile.lock\" \"${PODS_ROOT}/Manifest.lock\" > /dev/null\nif [ $? != 0 ] ; then\n    # print error to STDERR\n    echo \"error: The sandbox is not in sync with the Podfile.lock. Run 'pod install' or update your CocoaPods installation.\" >&2\n    exit 1\nfi\n# This output is used by Xcode 'outputs' to avoid re-running this script phase.\necho \"SUCCESS\" > \"${SCRIPT_OUTPUT_FILE_0}\"\n";
			showEnvVarsInLog = 0;
		};
/* End PBXShellScriptBuildPhase section */

/* Begin PBXSourcesBuildPhase section */
		16F835CE29ED6386007A29BE /* Sources */ = {
			isa = PBXSourcesBuildPhase;
			buildActionMask = 2147483647;
			files = (
				16F8361229EDC66F007A29BE /* NetworkManager.swift in Sources */,
				16F8360F29EDBF8C007A29BE /* models.swift in Sources */,
				16F8360A29ED8FE1007A29BE /* MealTableViewCell.swift in Sources */,
				16F835DA29ED6386007A29BE /* MainScreenViewController.swift in Sources */,
				16F835D629ED6386007A29BE /* AppDelegate.swift in Sources */,
				16F835D829ED6386007A29BE /* SceneDelegate.swift in Sources */,
			);
			runOnlyForDeploymentPostprocessing = 0;
		};
		16F835E429ED6387007A29BE /* Sources */ = {
			isa = PBXSourcesBuildPhase;
			buildActionMask = 2147483647;
			files = (
				16F835ED29ED6387007A29BE /* BilkentYemekhaneMenuTests.swift in Sources */,
			);
			runOnlyForDeploymentPostprocessing = 0;
		};
		16F835EE29ED6387007A29BE /* Sources */ = {
			isa = PBXSourcesBuildPhase;
			buildActionMask = 2147483647;
			files = (
				16F835F729ED6387007A29BE /* BilkentYemekhaneMenuUITests.swift in Sources */,
				16F835F929ED6387007A29BE /* BilkentYemekhaneMenuUITestsLaunchTests.swift in Sources */,
			);
			runOnlyForDeploymentPostprocessing = 0;
		};
/* End PBXSourcesBuildPhase section */

/* Begin PBXTargetDependency section */
		16F835EA29ED6387007A29BE /* PBXTargetDependency */ = {
			isa = PBXTargetDependency;
			target = 16F835D129ED6386007A29BE /* BilkentYemekhaneMenu */;
			targetProxy = 16F835E929ED6387007A29BE /* PBXContainerItemProxy */;
		};
		16F835F429ED6387007A29BE /* PBXTargetDependency */ = {
			isa = PBXTargetDependency;
			target = 16F835D129ED6386007A29BE /* BilkentYemekhaneMenu */;
			targetProxy = 16F835F329ED6387007A29BE /* PBXContainerItemProxy */;
		};
/* End PBXTargetDependency section */

/* Begin PBXVariantGroup section */
		16F835DB29ED6386007A29BE /* Main.storyboard */ = {
			isa = PBXVariantGroup;
			children = (
				16F835DC29ED6386007A29BE /* Base */,
			);
			name = Main.storyboard;
			sourceTree = "<group>";
		};
		16F835E029ED6387007A29BE /* LaunchScreen.storyboard */ = {
			isa = PBXVariantGroup;
			children = (
				16F835E129ED6387007A29BE /* Base */,
			);
			name = LaunchScreen.storyboard;
			sourceTree = "<group>";
		};
/* End PBXVariantGroup section */

/* Begin XCBuildConfiguration section */
		16F835FA29ED6387007A29BE /* Debug */ = {
			isa = XCBuildConfiguration;
			buildSettings = {
				ALWAYS_SEARCH_USER_PATHS = NO;
				CLANG_ANALYZER_NONNULL = YES;
				CLANG_ANALYZER_NUMBER_OBJECT_CONVERSION = YES_AGGRESSIVE;
				CLANG_CXX_LANGUAGE_STANDARD = "gnu++20";
				CLANG_ENABLE_MODULES = YES;
				CLANG_ENABLE_OBJC_ARC = YES;
				CLANG_ENABLE_OBJC_WEAK = YES;
				CLANG_WARN_BLOCK_CAPTURE_AUTORELEASING = YES;
				CLANG_WARN_BOOL_CONVERSION = YES;
				CLANG_WARN_COMMA = YES;
				CLANG_WARN_CONSTANT_CONVERSION = YES;
				CLANG_WARN_DEPRECATED_OBJC_IMPLEMENTATIONS = YES;
				CLANG_WARN_DIRECT_OBJC_ISA_USAGE = YES_ERROR;
				CLANG_WARN_DOCUMENTATION_COMMENTS = YES;
				CLANG_WARN_EMPTY_BODY = YES;
				CLANG_WARN_ENUM_CONVERSION = YES;
				CLANG_WARN_INFINITE_RECURSION = YES;
				CLANG_WARN_INT_CONVERSION = YES;
				CLANG_WARN_NON_LITERAL_NULL_CONVERSION = YES;
				CLANG_WARN_OBJC_IMPLICIT_RETAIN_SELF = YES;
				CLANG_WARN_OBJC_LITERAL_CONVERSION = YES;
				CLANG_WARN_OBJC_ROOT_CLASS = YES_ERROR;
				CLANG_WARN_QUOTED_INCLUDE_IN_FRAMEWORK_HEADER = YES;
				CLANG_WARN_RANGE_LOOP_ANALYSIS = YES;
				CLANG_WARN_STRICT_PROTOTYPES = YES;
				CLANG_WARN_SUSPICIOUS_MOVE = YES;
				CLANG_WARN_UNGUARDED_AVAILABILITY = YES_AGGRESSIVE;
				CLANG_WARN_UNREACHABLE_CODE = YES;
				CLANG_WARN__DUPLICATE_METHOD_MATCH = YES;
				COPY_PHASE_STRIP = NO;
				DEBUG_INFORMATION_FORMAT = dwarf;
				ENABLE_STRICT_OBJC_MSGSEND = YES;
				ENABLE_TESTABILITY = YES;
				GCC_C_LANGUAGE_STANDARD = gnu11;
				GCC_DYNAMIC_NO_PIC = NO;
				GCC_NO_COMMON_BLOCKS = YES;
				GCC_OPTIMIZATION_LEVEL = 0;
				GCC_PREPROCESSOR_DEFINITIONS = (
					"DEBUG=1",
					"$(inherited)",
				);
				GCC_WARN_64_TO_32_BIT_CONVERSION = YES;
				GCC_WARN_ABOUT_RETURN_TYPE = YES_ERROR;
				GCC_WARN_UNDECLARED_SELECTOR = YES;
				GCC_WARN_UNINITIALIZED_AUTOS = YES_AGGRESSIVE;
				GCC_WARN_UNUSED_FUNCTION = YES;
				GCC_WARN_UNUSED_VARIABLE = YES;
				IPHONEOS_DEPLOYMENT_TARGET = 16.4;
				MTL_ENABLE_DEBUG_INFO = INCLUDE_SOURCE;
				MTL_FAST_MATH = YES;
				ONLY_ACTIVE_ARCH = YES;
				SDKROOT = iphoneos;
				SWIFT_ACTIVE_COMPILATION_CONDITIONS = DEBUG;
				SWIFT_OPTIMIZATION_LEVEL = "-Onone";
			};
			name = Debug;
		};
		16F835FB29ED6387007A29BE /* Release */ = {
			isa = XCBuildConfiguration;
			buildSettings = {
				ALWAYS_SEARCH_USER_PATHS = NO;
				CLANG_ANALYZER_NONNULL = YES;
				CLANG_ANALYZER_NUMBER_OBJECT_CONVERSION = YES_AGGRESSIVE;
				CLANG_CXX_LANGUAGE_STANDARD = "gnu++20";
				CLANG_ENABLE_MODULES = YES;
				CLANG_ENABLE_OBJC_ARC = YES;
				CLANG_ENABLE_OBJC_WEAK = YES;
				CLANG_WARN_BLOCK_CAPTURE_AUTORELEASING = YES;
				CLANG_WARN_BOOL_CONVERSION = YES;
				CLANG_WARN_COMMA = YES;
				CLANG_WARN_CONSTANT_CONVERSION = YES;
				CLANG_WARN_DEPRECATED_OBJC_IMPLEMENTATIONS = YES;
				CLANG_WARN_DIRECT_OBJC_ISA_USAGE = YES_ERROR;
				CLANG_WARN_DOCUMENTATION_COMMENTS = YES;
				CLANG_WARN_EMPTY_BODY = YES;
				CLANG_WARN_ENUM_CONVERSION = YES;
				CLANG_WARN_INFINITE_RECURSION = YES;
				CLANG_WARN_INT_CONVERSION = YES;
				CLANG_WARN_NON_LITERAL_NULL_CONVERSION = YES;
				CLANG_WARN_OBJC_IMPLICIT_RETAIN_SELF = YES;
				CLANG_WARN_OBJC_LITERAL_CONVERSION = YES;
				CLANG_WARN_OBJC_ROOT_CLASS = YES_ERROR;
				CLANG_WARN_QUOTED_INCLUDE_IN_FRAMEWORK_HEADER = YES;
				CLANG_WARN_RANGE_LOOP_ANALYSIS = YES;
				CLANG_WARN_STRICT_PROTOTYPES = YES;
				CLANG_WARN_SUSPICIOUS_MOVE = YES;
				CLANG_WARN_UNGUARDED_AVAILABILITY = YES_AGGRESSIVE;
				CLANG_WARN_UNREACHABLE_CODE = YES;
				CLANG_WARN__DUPLICATE_METHOD_MATCH = YES;
				COPY_PHASE_STRIP = NO;
				DEBUG_INFORMATION_FORMAT = "dwarf-with-dsym";
				ENABLE_NS_ASSERTIONS = NO;
				ENABLE_STRICT_OBJC_MSGSEND = YES;
				GCC_C_LANGUAGE_STANDARD = gnu11;
				GCC_NO_COMMON_BLOCKS = YES;
				GCC_WARN_64_TO_32_BIT_CONVERSION = YES;
				GCC_WARN_ABOUT_RETURN_TYPE = YES_ERROR;
				GCC_WARN_UNDECLARED_SELECTOR = YES;
				GCC_WARN_UNINITIALIZED_AUTOS = YES_AGGRESSIVE;
				GCC_WARN_UNUSED_FUNCTION = YES;
				GCC_WARN_UNUSED_VARIABLE = YES;
				IPHONEOS_DEPLOYMENT_TARGET = 16.4;
				MTL_ENABLE_DEBUG_INFO = NO;
				MTL_FAST_MATH = YES;
				SDKROOT = iphoneos;
				SWIFT_COMPILATION_MODE = wholemodule;
				SWIFT_OPTIMIZATION_LEVEL = "-O";
				VALIDATE_PRODUCT = YES;
			};
			name = Release;
		};
		16F835FD29ED6387007A29BE /* Debug */ = {
			isa = XCBuildConfiguration;
			baseConfigurationReference = E8741BD796A9F50E6D87A770 /* Pods-BilkentYemekhaneMenu.debug.xcconfig */;
			buildSettings = {
				ASSETCATALOG_COMPILER_APPICON_NAME = AppIcon;
				ASSETCATALOG_COMPILER_GLOBAL_ACCENT_COLOR_NAME = AccentColor;
				CODE_SIGN_STYLE = Automatic;
				CURRENT_PROJECT_VERSION = 1;
				DEVELOPMENT_TEAM = 7WX6W95X32;
				GENERATE_INFOPLIST_FILE = YES;
				INFOPLIST_FILE = BilkentYemekhaneMenu/Info.plist;
				INFOPLIST_KEY_UIApplicationSupportsIndirectInputEvents = YES;
				INFOPLIST_KEY_UILaunchStoryboardName = LaunchScreen;
				INFOPLIST_KEY_UIMainStoryboardFile = Main;
				INFOPLIST_KEY_UISupportedInterfaceOrientations_iPad = "UIInterfaceOrientationPortrait UIInterfaceOrientationPortraitUpsideDown UIInterfaceOrientationLandscapeLeft UIInterfaceOrientationLandscapeRight";
				INFOPLIST_KEY_UISupportedInterfaceOrientations_iPhone = "UIInterfaceOrientationPortrait UIInterfaceOrientationLandscapeLeft UIInterfaceOrientationLandscapeRight";
				IPHONEOS_DEPLOYMENT_TARGET = 13.0;
				LD_RUNPATH_SEARCH_PATHS = (
					"$(inherited)",
					"@executable_path/Frameworks",
				);
				MARKETING_VERSION = 1.0;
				PRODUCT_BUNDLE_IDENTIFIER = altinisik.mustafa.BilkentYemekhaneMenu;
				PRODUCT_NAME = "$(TARGET_NAME)";
				SWIFT_EMIT_LOC_STRINGS = YES;
				SWIFT_VERSION = 5.0;
				TARGETED_DEVICE_FAMILY = "1,2";
			};
			name = Debug;
		};
		16F835FE29ED6387007A29BE /* Release */ = {
			isa = XCBuildConfiguration;
			baseConfigurationReference = 319A67B6C09743C001DE7AF8 /* Pods-BilkentYemekhaneMenu.release.xcconfig */;
			buildSettings = {
				ASSETCATALOG_COMPILER_APPICON_NAME = AppIcon;
				ASSETCATALOG_COMPILER_GLOBAL_ACCENT_COLOR_NAME = AccentColor;
				CODE_SIGN_STYLE = Automatic;
				CURRENT_PROJECT_VERSION = 1;
				DEVELOPMENT_TEAM = 7WX6W95X32;
				GENERATE_INFOPLIST_FILE = YES;
				INFOPLIST_FILE = BilkentYemekhaneMenu/Info.plist;
				INFOPLIST_KEY_UIApplicationSupportsIndirectInputEvents = YES;
				INFOPLIST_KEY_UILaunchStoryboardName = LaunchScreen;
				INFOPLIST_KEY_UIMainStoryboardFile = Main;
				INFOPLIST_KEY_UISupportedInterfaceOrientations_iPad = "UIInterfaceOrientationPortrait UIInterfaceOrientationPortraitUpsideDown UIInterfaceOrientationLandscapeLeft UIInterfaceOrientationLandscapeRight";
				INFOPLIST_KEY_UISupportedInterfaceOrientations_iPhone = "UIInterfaceOrientationPortrait UIInterfaceOrientationLandscapeLeft UIInterfaceOrientationLandscapeRight";
				IPHONEOS_DEPLOYMENT_TARGET = 13.0;
				LD_RUNPATH_SEARCH_PATHS = (
					"$(inherited)",
					"@executable_path/Frameworks",
				);
				MARKETING_VERSION = 1.0;
				PRODUCT_BUNDLE_IDENTIFIER = altinisik.mustafa.BilkentYemekhaneMenu;
				PRODUCT_NAME = "$(TARGET_NAME)";
				SWIFT_EMIT_LOC_STRINGS = YES;
				SWIFT_VERSION = 5.0;
				TARGETED_DEVICE_FAMILY = "1,2";
			};
			name = Release;
		};
		16F8360029ED6387007A29BE /* Debug */ = {
			isa = XCBuildConfiguration;
			baseConfigurationReference = A0AA77EE8E2AEA99D829DBA4 /* Pods-BilkentYemekhaneMenuTests.debug.xcconfig */;
			buildSettings = {
				ALWAYS_EMBED_SWIFT_STANDARD_LIBRARIES = YES;
				BUNDLE_LOADER = "$(TEST_HOST)";
				CODE_SIGN_STYLE = Automatic;
				CURRENT_PROJECT_VERSION = 1;
				DEVELOPMENT_TEAM = 7WX6W95X32;
				GENERATE_INFOPLIST_FILE = YES;
				IPHONEOS_DEPLOYMENT_TARGET = 16.4;
				MARKETING_VERSION = 1.0;
				PRODUCT_BUNDLE_IDENTIFIER = altinisik.mustafa.BilkentYemekhaneMenuTests;
				PRODUCT_NAME = "$(TARGET_NAME)";
				SWIFT_EMIT_LOC_STRINGS = NO;
				SWIFT_VERSION = 5.0;
				TARGETED_DEVICE_FAMILY = "1,2";
				TEST_HOST = "$(BUILT_PRODUCTS_DIR)/BilkentYemekhaneMenu.app/$(BUNDLE_EXECUTABLE_FOLDER_PATH)/BilkentYemekhaneMenu";
			};
			name = Debug;
		};
		16F8360129ED6387007A29BE /* Release */ = {
			isa = XCBuildConfiguration;
			baseConfigurationReference = 39DFF9A3BD91EBBA09E1D051 /* Pods-BilkentYemekhaneMenuTests.release.xcconfig */;
			buildSettings = {
				ALWAYS_EMBED_SWIFT_STANDARD_LIBRARIES = YES;
				BUNDLE_LOADER = "$(TEST_HOST)";
				CODE_SIGN_STYLE = Automatic;
				CURRENT_PROJECT_VERSION = 1;
				DEVELOPMENT_TEAM = 7WX6W95X32;
				GENERATE_INFOPLIST_FILE = YES;
				IPHONEOS_DEPLOYMENT_TARGET = 16.4;
				MARKETING_VERSION = 1.0;
				PRODUCT_BUNDLE_IDENTIFIER = altinisik.mustafa.BilkentYemekhaneMenuTests;
				PRODUCT_NAME = "$(TARGET_NAME)";
				SWIFT_EMIT_LOC_STRINGS = NO;
				SWIFT_VERSION = 5.0;
				TARGETED_DEVICE_FAMILY = "1,2";
				TEST_HOST = "$(BUILT_PRODUCTS_DIR)/BilkentYemekhaneMenu.app/$(BUNDLE_EXECUTABLE_FOLDER_PATH)/BilkentYemekhaneMenu";
			};
			name = Release;
		};
		16F8360329ED6387007A29BE /* Debug */ = {
			isa = XCBuildConfiguration;
			baseConfigurationReference = 1A16BCE255D34D57277E6B3A /* Pods-BilkentYemekhaneMenu-BilkentYemekhaneMenuUITests.debug.xcconfig */;
			buildSettings = {
				ALWAYS_EMBED_SWIFT_STANDARD_LIBRARIES = YES;
				CODE_SIGN_STYLE = Automatic;
				CURRENT_PROJECT_VERSION = 1;
				DEVELOPMENT_TEAM = 7WX6W95X32;
				GENERATE_INFOPLIST_FILE = YES;
				MARKETING_VERSION = 1.0;
				PRODUCT_BUNDLE_IDENTIFIER = altinisik.mustafa.BilkentYemekhaneMenuUITests;
				PRODUCT_NAME = "$(TARGET_NAME)";
				SWIFT_EMIT_LOC_STRINGS = NO;
				SWIFT_VERSION = 5.0;
				TARGETED_DEVICE_FAMILY = "1,2";
				TEST_TARGET_NAME = BilkentYemekhaneMenu;
			};
			name = Debug;
		};
		16F8360429ED6387007A29BE /* Release */ = {
			isa = XCBuildConfiguration;
			baseConfigurationReference = 609CE93FC7218478EADAFBF6 /* Pods-BilkentYemekhaneMenu-BilkentYemekhaneMenuUITests.release.xcconfig */;
			buildSettings = {
				ALWAYS_EMBED_SWIFT_STANDARD_LIBRARIES = YES;
				CODE_SIGN_STYLE = Automatic;
				CURRENT_PROJECT_VERSION = 1;
				DEVELOPMENT_TEAM = 7WX6W95X32;
				GENERATE_INFOPLIST_FILE = YES;
				MARKETING_VERSION = 1.0;
				PRODUCT_BUNDLE_IDENTIFIER = altinisik.mustafa.BilkentYemekhaneMenuUITests;
				PRODUCT_NAME = "$(TARGET_NAME)";
				SWIFT_EMIT_LOC_STRINGS = NO;
				SWIFT_VERSION = 5.0;
				TARGETED_DEVICE_FAMILY = "1,2";
				TEST_TARGET_NAME = BilkentYemekhaneMenu;
			};
			name = Release;
		};
/* End XCBuildConfiguration section */

/* Begin XCConfigurationList section */
		16F835CD29ED6386007A29BE /* Build configuration list for PBXProject "BilkentYemekhaneMenu" */ = {
			isa = XCConfigurationList;
			buildConfigurations = (
				16F835FA29ED6387007A29BE /* Debug */,
				16F835FB29ED6387007A29BE /* Release */,
			);
			defaultConfigurationIsVisible = 0;
			defaultConfigurationName = Release;
		};
		16F835FC29ED6387007A29BE /* Build configuration list for PBXNativeTarget "BilkentYemekhaneMenu" */ = {
			isa = XCConfigurationList;
			buildConfigurations = (
				16F835FD29ED6387007A29BE /* Debug */,
				16F835FE29ED6387007A29BE /* Release */,
			);
			defaultConfigurationIsVisible = 0;
			defaultConfigurationName = Release;
		};
		16F835FF29ED6387007A29BE /* Build configuration list for PBXNativeTarget "BilkentYemekhaneMenuTests" */ = {
			isa = XCConfigurationList;
			buildConfigurations = (
				16F8360029ED6387007A29BE /* Debug */,
				16F8360129ED6387007A29BE /* Release */,
			);
			defaultConfigurationIsVisible = 0;
			defaultConfigurationName = Release;
		};
		16F8360229ED6387007A29BE /* Build configuration list for PBXNativeTarget "BilkentYemekhaneMenuUITests" */ = {
			isa = XCConfigurationList;
			buildConfigurations = (
				16F8360329ED6387007A29BE /* Debug */,
				16F8360429ED6387007A29BE /* Release */,
			);
			defaultConfigurationIsVisible = 0;
			defaultConfigurationName = Release;
		};
/* End XCConfigurationList section */
	};
	rootObject = 16F835CA29ED6386007A29BE /* Project object */;
}
